
Microsoft Visual Studio Solution File, Format Version 12.00
# Visual Studio 15
VisualStudioVersion = 15.0.27130.2027
MinimumVisualStudioVersion = 10.0.40219.1
Project("{9A19103F-16F7-4668-BE54-9A1E7A4F7556}") = "ProbablyMoreThanOneTaskInHere", "ProbablyMoreThanOneTaskInHere\ProbablyMoreThanOneTaskInHere.csproj", "{F30100E8-9130-44F4-B01D-26D759C043D7}"
EndProject
Project("{9A19103F-16F7-4668-BE54-9A1E7A4F7556}") = "CompanyRoster", "CompanyRoster\CompanyRoster.csproj", "{36CBC643-D488-4C1B-A67F-13EA2A46BC97}"
EndProject
Project("{9A19103F-16F7-4668-BE54-9A1E7A4F7556}") = "SpeedRacing", "SpeedRacing\SpeedRacing.csproj", "{899BA4BC-3139-45DB-81ED-CE34F587A018}"
EndProject
Project("{9A19103F-16F7-4668-BE54-9A1E7A4F7556}") = "RawData", "RawData\RawData.csproj", "{77F74D0E-9CC2-4249-BAC4-340E06FC6220}"
EndProject
Project("{9A19103F-16F7-4668-BE54-9A1E7A4F7556}") = "RectangleIntersection", "RectangleIntersection\RectangleIntersection.csproj", "{56311477-7E03-4113-9A70-80F3B56CC7D9}"
EndProject
Project("{9A19103F-16F7-4668-BE54-9A1E7A4F7556}") = "CarSalesman", "CarSalesman\CarSalesman.csproj", "{A7752F20-1A66-442F-9AF8-81DB71A2640D}"
EndProject
Project("{9A19103F-16F7-4668-BE54-9A1E7A4F7556}") = "PokemonTrainer", "PokemonTrainer\PokemonTrainer.csproj", "{0C8FF40C-4588-48FE-9011-178D47A765C4}"
EndProject
Project("{9A19103F-16F7-4668-BE54-9A1E7A4F7556}") = "Google", "Google\Google.csproj", "{A71C411A-649C-4C21-9666-92918113E73A}"
EndProject
Project("{FAE04EC0-301F-11D3-BF4B-00C04F79EFBC}") = "DrawingTool", "DrawingTool\DrawingTool.csproj", "{43B54263-F202-45E3-B6FC-5CA19F8DA298}"
EndProject
Project("{FAE04EC0-301F-11D3-BF4B-00C04F79EFBC}") = "CatLady", "CatLady\CatLady.csproj", "{CDAFC0E4-BA8F-4A37-BE5B-895920A3869F}"
EndProject
Global
	GlobalSection(SolutionConfigurationPlatforms) = preSolution
		Debug|Any CPU = Debug|Any CPU
		Release|Any CPU = Release|Any CPU
	EndGlobalSection
	GlobalSection(ProjectConfigurationPlatforms) = postSolution
		{F30100E8-9130-44F4-B01D-26D759C043D7}.Debug|Any CPU.ActiveCfg = Debug|Any CPU
		{F30100E8-9130-44F4-B01D-26D759C043D7}.Debug|Any CPU.Build.0 = Debug|Any CPU
		{F30100E8-9130-44F4-B01D-26D759C043D7}.Release|Any CPU.ActiveCfg = Release|Any CPU
		{F30100E8-9130-44F4-B01D-26D759C043D7}.Release|Any CPU.Build.0 = Release|Any CPU
		{36CBC643-D488-4C1B-A67F-13EA2A46BC97}.Debug|Any CPU.ActiveCfg = Debug|Any CPU
		{36CBC643-D488-4C1B-A67F-13EA2A46BC97}.Debug|Any CPU.Build.0 = Debug|Any CPU
		{36CBC643-D488-4C1B-A67F-13EA2A46BC97}.Release|Any CPU.ActiveCfg = Release|Any CPU
		{36CBC643-D488-4C1B-A67F-13EA2A46BC97}.Release|Any CPU.Build.0 = Release|Any CPU
		{899BA4BC-3139-45DB-81ED-CE34F587A018}.Debug|Any CPU.ActiveCfg = Debug|Any CPU
		{899BA4BC-3139-45DB-81ED-CE34F587A018}.Debug|Any CPU.Build.0 = Debug|Any CPU
		{899BA4BC-3139-45DB-81ED-CE34F587A018}.Release|Any CPU.ActiveCfg = Release|Any CPU
		{899BA4BC-3139-45DB-81ED-CE34F587A018}.Release|Any CPU.Build.0 = Release|Any CPU
		{77F74D0E-9CC2-4249-BAC4-340E06FC6220}.Debug|Any CPU.ActiveCfg = Debug|Any CPU
		{77F74D0E-9CC2-4249-BAC4-340E06FC6220}.Debug|Any CPU.Build.0 = Debug|Any CPU
		{77F74D0E-9CC2-4249-BAC4-340E06FC6220}.Release|Any CPU.ActiveCfg = Release|Any CPU
		{77F74D0E-9CC2-4249-BAC4-340E06FC6220}.Release|Any CPU.Build.0 = Release|Any CPU
		{56311477-7E03-4113-9A70-80F3B56CC7D9}.Debug|Any CPU.ActiveCfg = Debug|Any CPU
		{56311477-7E03-4113-9A70-80F3B56CC7D9}.Debug|Any CPU.Build.0 = Debug|Any CPU
		{56311477-7E03-4113-9A70-80F3B56CC7D9}.Release|Any CPU.ActiveCfg = Release|Any CPU
		{56311477-7E03-4113-9A70-80F3B56CC7D9}.Release|Any CPU.Build.0 = Release|Any CPU
		{A7752F20-1A66-442F-9AF8-81DB71A2640D}.Debug|Any CPU.ActiveCfg = Debug|Any CPU
		{A7752F20-1A66-442F-9AF8-81DB71A2640D}.Debug|Any CPU.Build.0 = Debug|Any CPU
		{A7752F20-1A66-442F-9AF8-81DB71A2640D}.Release|Any CPU.ActiveCfg = Release|Any CPU
		{A7752F20-1A66-442F-9AF8-81DB71A2640D}.Release|Any CPU.Build.0 = Release|Any CPU
		{0C8FF40C-4588-48FE-9011-178D47A765C4}.Debug|Any CPU.ActiveCfg = Debug|Any CPU
		{0C8FF40C-4588-48FE-9011-178D47A765C4}.Debug|Any CPU.Build.0 = Debug|Any CPU
		{0C8FF40C-4588-48FE-9011-178D47A765C4}.Release|Any CPU.ActiveCfg = Release|Any CPU
		{0C8FF40C-4588-48FE-9011-178D47A765C4}.Release|Any CPU.Build.0 = Release|Any CPU
		{A71C411A-649C-4C21-9666-92918113E73A}.Debug|Any CPU.ActiveCfg = Debug|Any CPU
		{A71C411A-649C-4C21-9666-92918113E73A}.Debug|Any CPU.Build.0 = Debug|Any CPU
		{A71C411A-649C-4C21-9666-92918113E73A}.Release|Any CPU.ActiveCfg = Release|Any CPU
		{A71C411A-649C-4C21-9666-92918113E73A}.Release|Any CPU.Build.0 = Release|Any CPU
		{43B54263-F202-45E3-B6FC-5CA19F8DA298}.Debug|Any CPU.ActiveCfg = Debug|Any CPU
		{43B54263-F202-45E3-B6FC-5CA19F8DA298}.Debug|Any CPU.Build.0 = Debug|Any CPU
		{43B54263-F202-45E3-B6FC-5CA19F8DA298}.Release|Any CPU.ActiveCfg = Release|Any CPU
		{43B54263-F202-45E3-B6FC-5CA19F8DA298}.Release|Any CPU.Build.0 = Release|Any CPU
		{CDAFC0E4-BA8F-4A37-BE5B-895920A3869F}.Debug|Any CPU.ActiveCfg = Debug|Any CPU
		{CDAFC0E4-BA8F-4A37-BE5B-895920A3869F}.Debug|Any CPU.Build.0 = Debug|Any CPU
		{CDAFC0E4-BA8F-4A37-BE5B-895920A3869F}.Release|Any CPU.ActiveCfg = Release|Any CPU
		{CDAFC0E4-BA8F-4A37-BE5B-895920A3869F}.Release|Any CPU.Build.0 = Release|Any CPU
	EndGlobalSection
	GlobalSection(SolutionProperties) = preSolution
		HideSolutionNode = FALSE
	EndGlobalSection
	GlobalSection(ExtensibilityGlobals) = postSolution
		SolutionGuid = {2FDED529-1E22-495B-B13E-CDE56FD48344}
	EndGlobalSection
EndGlobal
